// !$*UTF8*$!
{
	archiveVersion = 1;
	classes = {
	};
	objectVersion = 50;
	objects = {

/* Begin PBXBuildFile section */
		FAACA2312616F0F200768F59 /* AppDelegate.swift in Sources */ = {isa = PBXBuildFile; fileRef = FAACA2302616F0F200768F59 /* AppDelegate.swift */; };
		FAACA2332616F0F200768F59 /* ViewController.swift in Sources */ = {isa = PBXBuildFile; fileRef = FAACA2322616F0F200768F59 /* ViewController.swift */; };
		FAACA2362616F0F200768F59 /* Main.storyboard in Resources */ = {isa = PBXBuildFile; fileRef = FAACA2342616F0F200768F59 /* Main.storyboard */; };
		FAACA2382616F0F400768F59 /* Assets.xcassets in Resources */ = {isa = PBXBuildFile; fileRef = FAACA2372616F0F400768F59 /* Assets.xcassets */; };
		FAACA23B2616F0F400768F59 /* LaunchScreen.storyboard in Resources */ = {isa = PBXBuildFile; fileRef = FAACA2392616F0F400768F59 /* LaunchScreen.storyboard */; };
		FAACA2462616F0F400768F59 /* HelloTests.swift in Sources */ = {isa = PBXBuildFile; fileRef = FAACA2452616F0F400768F59 /* HelloTests.swift */; };
		FAACA2512616F0F500768F59 /* HelloUITests.swift in Sources */ = {isa = PBXBuildFile; fileRef = FAACA2502616F0F500768F59 /* HelloUITests.swift */; };
/* End PBXBuildFile section */

/* Begin PBXContainerItemProxy section */
		FAACA2422616F0F400768F59 /* PBXContainerItemProxy */ = {
			isa = PBXContainerItemProxy;
			containerPortal = FAACA2252616F0F100768F59 /* Project object */;
			proxyType = 1;
			remoteGlobalIDString = FAACA22C2616F0F100768F59;
			remoteInfo = Hello;
		};
		FAACA24D2616F0F500768F59 /* PBXContainerItemProxy */ = {
			isa = PBXContainerItemProxy;
			containerPortal = FAACA2252616F0F100768F59 /* Project object */;
			proxyType = 1;
			remoteGlobalIDString = FAACA22C2616F0F100768F59;
			remoteInfo = Hello;
		};
/* End PBXContainerItemProxy section */

/* Begin PBXFileReference section */
		FAACA22D2616F0F100768F59 /* Hello.app */ = {isa = PBXFileReference; explicitFileType = wrapper.application; includeInIndex = 0; path = Hello.app; sourceTree = BUILT_PRODUCTS_DIR; };
		FAACA2302616F0F200768F59 /* AppDelegate.swift */ = {isa = PBXFileReference; lastKnownFileType = sourcecode.swift; path = AppDelegate.swift; sourceTree = "<group>"; };
		FAACA2322616F0F200768F59 /* ViewController.swift */ = {isa = PBXFileReference; lastKnownFileType = sourcecode.swift; path = ViewController.swift; sourceTree = "<group>"; };
		FAACA2352616F0F200768F59 /* Base */ = {isa = PBXFileReference; lastKnownFileType = file.storyboard; name = Base; path = Base.lproj/Main.storyboard; sourceTree = "<group>"; };
		FAACA2372616F0F400768F59 /* Assets.xcassets */ = {isa = PBXFileReference; lastKnownFileType = folder.assetcatalog; path = Assets.xcassets; sourceTree = "<group>"; };
		FAACA23A2616F0F400768F59 /* Base */ = {isa = PBXFileReference; lastKnownFileType = file.storyboard; name = Base; path = Base.lproj/LaunchScreen.storyboard; sourceTree = "<group>"; };
		FAACA23C2616F0F400768F59 /* Info.plist */ = {isa = PBXFileReference; lastKnownFileType = text.plist.xml; path = Info.plist; sourceTree = "<group>"; };
		FAACA2412616F0F400768F59 /* HelloTests.xctest */ = {isa = PBXFileReference; explicitFileType = wrapper.cfbundle; includeInIndex = 0; path = HelloTests.xctest; sourceTree = BUILT_PRODUCTS_DIR; };
		FAACA2452616F0F400768F59 /* HelloTests.swift */ = {isa = PBXFileReference; lastKnownFileType = sourcecode.swift; path = HelloTests.swift; sourceTree = "<group>"; };
		FAACA2472616F0F500768F59 /* Info.plist */ = {isa = PBXFileReference; lastKnownFileType = text.plist.xml; path = Info.plist; sourceTree = "<group>"; };
		FAACA24C2616F0F500768F59 /* HelloUITests.xctest */ = {isa = PBXFileReference; explicitFileType = wrapper.cfbundle; includeInIndex = 0; path = HelloUITests.xctest; sourceTree = BUILT_PRODUCTS_DIR; };
		FAACA2502616F0F500768F59 /* HelloUITests.swift */ = {isa = PBXFileReference; lastKnownFileType = sourcecode.swift; path = HelloUITests.swift; sourceTree = "<group>"; };
		FAACA2522616F0F500768F59 /* Info.plist */ = {isa = PBXFileReference; lastKnownFileType = text.plist.xml; path = Info.plist; sourceTree = "<group>"; };
/* End PBXFileReference section */

/* Begin PBXFrameworksBuildPhase section */
		FAACA22A2616F0F100768F59 /* Frameworks */ = {
			isa = PBXFrameworksBuildPhase;
			buildActionMask = 2147483647;
			files = (
			);
			runOnlyForDeploymentPostprocessing = 0;
		};
		FAACA23E2616F0F400768F59 /* Frameworks */ = {
			isa = PBXFrameworksBuildPhase;
			buildActionMask = 2147483647;
			files = (
			);
			runOnlyForDeploymentPostprocessing = 0;
		};
		FAACA2492616F0F500768F59 /* Frameworks */ = {
			isa = PBXFrameworksBuildPhase;
			buildActionMask = 2147483647;
			files = (
			);
			runOnlyForDeploymentPostprocessing = 0;
		};
/* End PBXFrameworksBuildPhase section */

/* Begin PBXGroup section */
		FAACA2242616F0F100768F59 = {
			isa = PBXGroup;
			children = (
				FAACA22F2616F0F100768F59 /* Hello */,
				FAACA2442616F0F400768F59 /* HelloTests */,
				FAACA24F2616F0F500768F59 /* HelloUITests */,
				FAACA22E2616F0F100768F59 /* Products */,
			);
			sourceTree = "<group>";
		};
		FAACA22E2616F0F100768F59 /* Products */ = {
			isa = PBXGroup;
			children = (
				FAACA22D2616F0F100768F59 /* Hello.app */,
				FAACA2412616F0F400768F59 /* HelloTests.xctest */,
				FAACA24C2616F0F500768F59 /* HelloUITests.xctest */,
			);
			name = Products;
			sourceTree = "<group>";
		};
		FAACA22F2616F0F100768F59 /* Hello */ = {
			isa = PBXGroup;
			children = (
				FAACA2302616F0F200768F59 /* AppDelegate.swift */,
				FAACA2322616F0F200768F59 /* ViewController.swift */,
				FAACA2342616F0F200768F59 /* Main.storyboard */,
				FAACA2372616F0F400768F59 /* Assets.xcassets */,
				FAACA2392616F0F400768F59 /* LaunchScreen.storyboard */,
				FAACA23C2616F0F400768F59 /* Info.plist */,
			);
			path = Hello;
			sourceTree = "<group>";
		};
		FAACA2442616F0F400768F59 /* HelloTests */ = {
			isa = PBXGroup;
			children = (
				FAACA2452616F0F400768F59 /* HelloTests.swift */,
				FAACA2472616F0F500768F59 /* Info.plist */,
			);
			path = HelloTests;
			sourceTree = "<group>";
		};
		FAACA24F2616F0F500768F59 /* HelloUITests */ = {
			isa = PBXGroup;
			children = (
				FAACA2502616F0F500768F59 /* HelloUITests.swift */,
				FAACA2522616F0F500768F59 /* Info.plist */,
			);
			path = HelloUITests;
			sourceTree = "<group>";
		};
/* End PBXGroup section */

/* Begin PBXNativeTarget section */
		FAACA22C2616F0F100768F59 /* Hello */ = {
			isa = PBXNativeTarget;
			buildConfigurationList = FAACA2552616F0F500768F59 /* Build configuration list for PBXNativeTarget "Hello" */;
			buildPhases = (
				FAACA2292616F0F100768F59 /* Sources */,
				FAACA22A2616F0F100768F59 /* Frameworks */,
				FAACA22B2616F0F100768F59 /* Resources */,
			);
			buildRules = (
			);
			dependencies = (
			);
			name = Hello;
			productName = Hello;
			productReference = FAACA22D2616F0F100768F59 /* Hello.app */;
			productType = "com.apple.product-type.application";
		};
		FAACA2402616F0F400768F59 /* HelloTests */ = {
			isa = PBXNativeTarget;
			buildConfigurationList = FAACA2582616F0F500768F59 /* Build configuration list for PBXNativeTarget "HelloTests" */;
			buildPhases = (
				FAACA23D2616F0F400768F59 /* Sources */,
				FAACA23E2616F0F400768F59 /* Frameworks */,
				FAACA23F2616F0F400768F59 /* Resources */,
			);
			buildRules = (
			);
			dependencies = (
				FAACA2432616F0F400768F59 /* PBXTargetDependency */,
			);
			name = HelloTests;
			productName = HelloTests;
			productReference = FAACA2412616F0F400768F59 /* HelloTests.xctest */;
			productType = "com.apple.product-type.bundle.unit-test";
		};
		FAACA24B2616F0F500768F59 /* HelloUITests */ = {
			isa = PBXNativeTarget;
			buildConfigurationList = FAACA25B2616F0F500768F59 /* Build configuration list for PBXNativeTarget "HelloUITests" */;
			buildPhases = (
				FAACA2482616F0F500768F59 /* Sources */,
				FAACA2492616F0F500768F59 /* Frameworks */,
				FAACA24A2616F0F500768F59 /* Resources */,
			);
			buildRules = (
			);
			dependencies = (
				FAACA24E2616F0F500768F59 /* PBXTargetDependency */,
			);
			name = HelloUITests;
			productName = HelloUITests;
			productReference = FAACA24C2616F0F500768F59 /* HelloUITests.xctest */;
			productType = "com.apple.product-type.bundle.ui-testing";
		};
/* End PBXNativeTarget section */

/* Begin PBXProject section */
		FAACA2252616F0F100768F59 /* Project object */ = {
			isa = PBXProject;
			attributes = {
				LastSwiftUpdateCheck = 0940;
				LastUpgradeCheck = 0940;
				ORGANIZATIONNAME = "Lauren Ng";
				TargetAttributes = {
					FAACA22C2616F0F100768F59 = {
						CreatedOnToolsVersion = 9.4.1;
					};
					FAACA2402616F0F400768F59 = {
						CreatedOnToolsVersion = 9.4.1;
						TestTargetID = FAACA22C2616F0F100768F59;
					};
					FAACA24B2616F0F500768F59 = {
						CreatedOnToolsVersion = 9.4.1;
						TestTargetID = FAACA22C2616F0F100768F59;
					};
				};
			};
			buildConfigurationList = FAACA2282616F0F100768F59 /* Build configuration list for PBXProject "Hello" */;
			compatibilityVersion = "Xcode 9.3";
			developmentRegion = en;
			hasScannedForEncodings = 0;
			knownRegions = (
				en,
				Base,
			);
			mainGroup = FAACA2242616F0F100768F59;
			productRefGroup = FAACA22E2616F0F100768F59 /* Products */;
			projectDirPath = "";
			projectRoot = "";
			targets = (
				FAACA22C2616F0F100768F59 /* Hello */,
				FAACA2402616F0F400768F59 /* HelloTests */,
				FAACA24B2616F0F500768F59 /* HelloUITests */,
			);
		};
/* End PBXProject section */

/* Begin PBXResourcesBuildPhase section */
		FAACA22B2616F0F100768F59 /* Resources */ = {
			isa = PBXResourcesBuildPhase;
			buildActionMask = 2147483647;
			files = (
				FAACA23B2616F0F400768F59 /* LaunchScreen.storyboard in Resources */,
				FAACA2382616F0F400768F59 /* Assets.xcassets in Resources */,
				FAACA2362616F0F200768F59 /* Main.storyboard in Resources */,
			);
			runOnlyForDeploymentPostprocessing = 0;
		};
		FAACA23F2616F0F400768F59 /* Resources */ = {
			isa = PBXResourcesBuildPhase;
			buildActionMask = 2147483647;
			files = (
			);
			runOnlyForDeploymentPostprocessing = 0;
		};
		FAACA24A2616F0F500768F59 /* Resources */ = {
			isa = PBXResourcesBuildPhase;
			buildActionMask = 2147483647;
			files = (
			);
			runOnlyForDeploymentPostprocessing = 0;
		};
/* End PBXResourcesBuildPhase section */

/* Begin PBXSourcesBuildPhase section */
		FAACA2292616F0F100768F59 /* Sources */ = {
			isa = PBXSourcesBuildPhase;
			buildActionMask = 2147483647;
			files = (
				FAACA2332616F0F200768F59 /* ViewController.swift in Sources */,
				FAACA2312616F0F200768F59 /* AppDelegate.swift in Sources */,
			);
			runOnlyForDeploymentPostprocessing = 0;
		};
		FAACA23D2616F0F400768F59 /* Sources */ = {
			isa = PBXSourcesBuildPhase;
			buildActionMask = 2147483647;
			files = (
				FAACA2462616F0F400768F59 /* HelloTests.swift in Sources */,
			);
			runOnlyForDeploymentPostprocessing = 0;
		};
		FAACA2482616F0F500768F59 /* Sources */ = {
			isa = PBXSourcesBuildPhase;
			buildActionMask = 2147483647;
			files = (
				FAACA2512616F0F500768F59 /* HelloUITests.swift in Sources */,
			);
			runOnlyForDeploymentPostprocessing = 0;
		};
/* End PBXSourcesBuildPhase section */

/* Begin PBXTargetDependency section */
		FAACA2432616F0F400768F59 /* PBXTargetDependency */ = {
			isa = PBXTargetDependency;
			target = FAACA22C2616F0F100768F59 /* Hello */;
			targetProxy = FAACA2422616F0F400768F59 /* PBXContainerItemProxy */;
		};
		FAACA24E2616F0F500768F59 /* PBXTargetDependency */ = {
			isa = PBXTargetDependency;
			target = FAACA22C2616F0F100768F59 /* Hello */;
			targetProxy = FAACA24D2616F0F500768F59 /* PBXContainerItemProxy */;
		};
/* End PBXTargetDependency section */

/* Begin PBXVariantGroup section */
		FAACA2342616F0F200768F59 /* Main.storyboard */ = {
			isa = PBXVariantGroup;
			children = (
				FAACA2352616F0F200768F59 /* Base */,
			);
			name = Main.storyboard;
			sourceTree = "<group>";
		};
		FAACA2392616F0F400768F59 /* LaunchScreen.storyboard */ = {
			isa = PBXVariantGroup;
			children = (
				FAACA23A2616F0F400768F59 /* Base */,
			);
			name = LaunchScreen.storyboard;
			sourceTree = "<group>";
		};
/* End PBXVariantGroup section */

/* Begin XCBuildConfiguration section */
		FAACA2532616F0F500768F59 /* Debug */ = {
			isa = XCBuildConfiguration;
			buildSettings = {
				ALWAYS_SEARCH_USER_PATHS = NO;
				CLANG_ANALYZER_NONNULL = YES;
				CLANG_ANALYZER_NUMBER_OBJECT_CONVERSION = YES_AGGRESSIVE;
				CLANG_CXX_LANGUAGE_STANDARD = "gnu++14";
				CLANG_CXX_LIBRARY = "libc++";
				CLANG_ENABLE_MODULES = YES;
				CLANG_ENABLE_OBJC_ARC = YES;
				CLANG_ENABLE_OBJC_WEAK = YES;
				CLANG_WARN_BLOCK_CAPTURE_AUTORELEASING = YES;
				CLANG_WARN_BOOL_CONVERSION = YES;
				CLANG_WARN_COMMA = YES;
				CLANG_WARN_CONSTANT_CONVERSION = YES;
				CLANG_WARN_DEPRECATED_OBJC_IMPLEMENTATIONS = YES;
				CLANG_WARN_DIRECT_OBJC_ISA_USAGE = YES_ERROR;
				CLANG_WARN_DOCUMENTATION_COMMENTS = YES;
				CLANG_WARN_EMPTY_BODY = YES;
				CLANG_WARN_ENUM_CONVERSION = YES;
				CLANG_WARN_INFINITE_RECURSION = YES;
				CLANG_WARN_INT_CONVERSION = YES;
				CLANG_WARN_NON_LITERAL_NULL_CONVERSION = YES;
				CLANG_WARN_OBJC_IMPLICIT_RETAIN_SELF = YES;
				CLANG_WARN_OBJC_LITERAL_CONVERSION = YES;
				CLANG_WARN_OBJC_ROOT_CLASS = YES_ERROR;
				CLANG_WARN_RANGE_LOOP_ANALYSIS = YES;
				CLANG_WARN_STRICT_PROTOTYPES = YES;
				CLANG_WARN_SUSPICIOUS_MOVE = YES;
				CLANG_WARN_UNGUARDED_AVAILABILITY = YES_AGGRESSIVE;
				CLANG_WARN_UNREACHABLE_CODE = YES;
				CLANG_WARN__DUPLICATE_METHOD_MATCH = YES;
				CODE_SIGN_IDENTITY = "iPhone Developer";
				COPY_PHASE_STRIP = NO;
				DEBUG_INFORMATION_FORMAT = dwarf;
				ENABLE_STRICT_OBJC_MSGSEND = YES;
				ENABLE_TESTABILITY = YES;
				GCC_C_LANGUAGE_STANDARD = gnu11;
				GCC_DYNAMIC_NO_PIC = NO;
				GCC_NO_COMMON_BLOCKS = YES;
				GCC_OPTIMIZATION_LEVEL = 0;
				GCC_PREPROCESSOR_DEFINITIONS = (
					"DEBUG=1",
					"$(inherited)",
				);
				GCC_WARN_64_TO_32_BIT_CONVERSION = YES;
				GCC_WARN_ABOUT_RETURN_TYPE = YES_ERROR;
				GCC_WARN_UNDECLARED_SELECTOR = YES;
				GCC_WARN_UNINITIALIZED_AUTOS = YES_AGGRESSIVE;
				GCC_WARN_UNUSED_FUNCTION = YES;
				GCC_WARN_UNUSED_VARIABLE = YES;
				IPHONEOS_DEPLOYMENT_TARGET = 11.4;
				MTL_ENABLE_DEBUG_INFO = YES;
				ONLY_ACTIVE_ARCH = YES;
				SDKROOT = iphoneos;
				SWIFT_ACTIVE_COMPILATION_CONDITIONS = DEBUG;
				SWIFT_OPTIMIZATION_LEVEL = "-Onone";
			};
			name = Debug;
		};
		FAACA2542616F0F500768F59 /* Release */ = {
			isa = XCBuildConfiguration;
			buildSettings = {
				ALWAYS_SEARCH_USER_PATHS = NO;
				CLANG_ANALYZER_NONNULL = YES;
				CLANG_ANALYZER_NUMBER_OBJECT_CONVERSION = YES_AGGRESSIVE;
				CLANG_CXX_LANGUAGE_STANDARD = "gnu++14";
				CLANG_CXX_LIBRARY = "libc++";
				CLANG_ENABLE_MODULES = YES;
				CLANG_ENABLE_OBJC_ARC = YES;
				CLANG_ENABLE_OBJC_WEAK = YES;
				CLANG_WARN_BLOCK_CAPTURE_AUTORELEASING = YES;
				CLANG_WARN_BOOL_CONVERSION = YES;
				CLANG_WARN_COMMA = YES;
				CLANG_WARN_CONSTANT_CONVERSION = YES;
				CLANG_WARN_DEPRECATED_OBJC_IMPLEMENTATIONS = YES;
				CLANG_WARN_DIRECT_OBJC_ISA_USAGE = YES_ERROR;
				CLANG_WARN_DOCUMENTATION_COMMENTS = YES;
				CLANG_WARN_EMPTY_BODY = YES;
				CLANG_WARN_ENUM_CONVERSION = YES;
				CLANG_WARN_INFINITE_RECURSION = YES;
				CLANG_WARN_INT_CONVERSION = YES;
				CLANG_WARN_NON_LITERAL_NULL_CONVERSION = YES;
				CLANG_WARN_OBJC_IMPLICIT_RETAIN_SELF = YES;
				CLANG_WARN_OBJC_LITERAL_CONVERSION = YES;
				CLANG_WARN_OBJC_ROOT_CLASS = YES_ERROR;
				CLANG_WARN_RANGE_LOOP_ANALYSIS = YES;
				CLANG_WARN_STRICT_PROTOTYPES = YES;
				CLANG_WARN_SUSPICIOUS_MOVE = YES;
				CLANG_WARN_UNGUARDED_AVAILABILITY = YES_AGGRESSIVE;
				CLANG_WARN_UNREACHABLE_CODE = YES;
				CLANG_WARN__DUPLICATE_METHOD_MATCH = YES;
				CODE_SIGN_IDENTITY = "iPhone Developer";
				COPY_PHASE_STRIP = NO;
				DEBUG_INFORMATION_FORMAT = "dwarf-with-dsym";
				ENABLE_NS_ASSERTIONS = NO;
				ENABLE_STRICT_OBJC_MSGSEND = YES;
				GCC_C_LANGUAGE_STANDARD = gnu11;
				GCC_NO_COMMON_BLOCKS = YES;
				GCC_WARN_64_TO_32_BIT_CONVERSION = YES;
				GCC_WARN_ABOUT_RETURN_TYPE = YES_ERROR;
				GCC_WARN_UNDECLARED_SELECTOR = YES;
				GCC_WARN_UNINITIALIZED_AUTOS = YES_AGGRESSIVE;
				GCC_WARN_UNUSED_FUNCTION = YES;
				GCC_WARN_UNUSED_VARIABLE = YES;
				IPHONEOS_DEPLOYMENT_TARGET = 11.4;
				MTL_ENABLE_DEBUG_INFO = NO;
				SDKROOT = iphoneos;
				SWIFT_COMPILATION_MODE = wholemodule;
				SWIFT_OPTIMIZATION_LEVEL = "-O";
				VALIDATE_PRODUCT = YES;
			};
			name = Release;
		};
		FAACA2562616F0F500768F59 /* Debug */ = {
			isa = XCBuildConfiguration;
			buildSettings = {
				ASSETCATALOG_COMPILER_APPICON_NAME = AppIcon;
				CODE_SIGN_STYLE = Automatic;
				DEVELOPMENT_TEAM = VCG2QLK4NM;
				INFOPLIST_FILE = Hello/Info.plist;
				IPHONEOS_DEPLOYMENT_TARGET = 11.4;
				LD_RUNPATH_SEARCH_PATHS = (
					"$(inherited)",
					"@executable_path/Frameworks",
				);
				PRODUCT_BUNDLE_IDENTIFIER = helloios.Hello;
				PRODUCT_NAME = "$(TARGET_NAME)";
				SWIFT_VERSION = 4.0;
				TARGETED_DEVICE_FAMILY = "1,2";
			};
			name = Debug;
		};
		FAACA2572616F0F500768F59 /* Release */ = {
			isa = XCBuildConfiguration;
			buildSettings = {
				ASSETCATALOG_COMPILER_APPICON_NAME = AppIcon;
				CODE_SIGN_STYLE = Automatic;
				DEVELOPMENT_TEAM = VCG2QLK4NM;
				INFOPLIST_FILE = Hello/Info.plist;
				IPHONEOS_DEPLOYMENT_TARGET = 11.4;
				LD_RUNPATH_SEARCH_PATHS = (
					"$(inherited)",
					"@executable_path/Frameworks",
				);
				PRODUCT_BUNDLE_IDENTIFIER = helloios.Hello;
				PRODUCT_NAME = "$(TARGET_NAME)";
				SWIFT_VERSION = 4.0;
				TARGETED_DEVICE_FAMILY = "1,2";
			};
			name = Release;
		};
		FAACA2592616F0F500768F59 /* Debug */ = {
			isa = XCBuildConfiguration;
			buildSettings = {
				ALWAYS_EMBED_SWIFT_STANDARD_LIBRARIES = YES;
				BUNDLE_LOADER = "$(TEST_HOST)";
				CODE_SIGN_STYLE = Automatic;
				INFOPLIST_FILE = HelloTests/Info.plist;
				LD_RUNPATH_SEARCH_PATHS = (
					"$(inherited)",
					"@executable_path/Frameworks",
					"@loader_path/Frameworks",
				);
				PRODUCT_BUNDLE_IDENTIFIER = helloios.HelloTests;
				PRODUCT_NAME = "$(TARGET_NAME)";
				SWIFT_VERSION = 4.0;
				TARGETED_DEVICE_FAMILY = "1,2";
				TEST_HOST = "$(BUILT_PRODUCTS_DIR)/Hello.app/Hello";
			};
			name = Debug;
		};
		FAACA25A2616F0F500768F59 /* Release */ = {
			isa = XCBuildConfiguration;
			buildSettings = {
				ALWAYS_EMBED_SWIFT_STANDARD_LIBRARIES = YES;
				BUNDLE_LOADER = "$(TEST_HOST)";
				CODE_SIGN_STYLE = Automatic;
				INFOPLIST_FILE = HelloTests/Info.plist;
				LD_RUNPATH_SEARCH_PATHS = (
					"$(inherited)",
					"@executable_path/Frameworks",
					"@loader_path/Frameworks",
				);
				PRODUCT_BUNDLE_IDENTIFIER = helloios.HelloTests;
				PRODUCT_NAME = "$(TARGET_NAME)";
				SWIFT_VERSION = 4.0;
				TARGETED_DEVICE_FAMILY = "1,2";
				TEST_HOST = "$(BUILT_PRODUCTS_DIR)/Hello.app/Hello";
			};
			name = Release;
		};
		FAACA25C2616F0F500768F59 /* Debug */ = {
			isa = XCBuildConfiguration;
			buildSettings = {
				ALWAYS_EMBED_SWIFT_STANDARD_LIBRARIES = YES;
				CODE_SIGN_STYLE = Automatic;
				INFOPLIST_FILE = HelloUITests/Info.plist;
				LD_RUNPATH_SEARCH_PATHS = (
					"$(inherited)",
					"@executable_path/Frameworks",
					"@loader_path/Frameworks",
				);
				PRODUCT_BUNDLE_IDENTIFIER = helloios.HelloUITests;
				PRODUCT_NAME = "$(TARGET_NAME)";
				SWIFT_VERSION = 4.0;
				TARGETED_DEVICE_FAMILY = "1,2";
				TEST_TARGET_NAME = Hello;
			};
			name = Debug;
		};
		FAACA25D2616F0F500768F59 /* Release */ = {
			isa = XCBuildConfiguration;
			buildSettings = {
				ALWAYS_EMBED_SWIFT_STANDARD_LIBRARIES = YES;
				CODE_SIGN_STYLE = Automatic;
				INFOPLIST_FILE = HelloUITests/Info.plist;
				LD_RUNPATH_SEARCH_PATHS = (
					"$(inherited)",
					"@executable_path/Frameworks",
					"@loader_path/Frameworks",
				);
				PRODUCT_BUNDLE_IDENTIFIER = helloios.HelloUITests;
				PRODUCT_NAME = "$(TARGET_NAME)";
				SWIFT_VERSION = 4.0;
				TARGETED_DEVICE_FAMILY = "1,2";
				TEST_TARGET_NAME = Hello;
			};
			name = Release;
		};
/* End XCBuildConfiguration section */

/* Begin XCConfigurationList section */
		FAACA2282616F0F100768F59 /* Build configuration list for PBXProject "Hello" */ = {
			isa = XCConfigurationList;
			buildConfigurations = (
				FAACA2532616F0F500768F59 /* Debug */,
				FAACA2542616F0F500768F59 /* Release */,
			);
			defaultConfigurationIsVisible = 0;
			defaultConfigurationName = Release;
		};
		FAACA2552616F0F500768F59 /* Build configuration list for PBXNativeTarget "Hello" */ = {
			isa = XCConfigurationList;
			buildConfigurations = (
				FAACA2562616F0F500768F59 /* Debug */,
				FAACA2572616F0F500768F59 /* Release */,
			);
			defaultConfigurationIsVisible = 0;
			defaultConfigurationName = Release;
		};
		FAACA2582616F0F500768F59 /* Build configuration list for PBXNativeTarget "HelloTests" */ = {
			isa = XCConfigurationList;
			buildConfigurations = (
				FAACA2592616F0F500768F59 /* Debug */,
				FAACA25A2616F0F500768F59 /* Release */,
			);
			defaultConfigurationIsVisible = 0;
			defaultConfigurationName = Release;
		};
		FAACA25B2616F0F500768F59 /* Build configuration list for PBXNativeTarget "HelloUITests" */ = {
			isa = XCConfigurationList;
			buildConfigurations = (
				FAACA25C2616F0F500768F59 /* Debug */,
				FAACA25D2616F0F500768F59 /* Release */,
			);
			defaultConfigurationIsVisible = 0;
			defaultConfigurationName = Release;
		};
/* End XCConfigurationList section */
	};
	rootObject = FAACA2252616F0F100768F59 /* Project object */;
}
